
Microsoft Visual Studio Solution File, Format Version 12.00
# Visual Studio Version 17
VisualStudioVersion = 17.10.35013.160
MinimumVisualStudioVersion = 10.0.40219.1
Project("{8BC9CEB8-8B4A-11D0-8D11-00A0C91BC942}") = "1_两数之和", "1_两数之和\1_两数之和.vcxproj", "{D50E80E3-E704-4928-AF70-E702E166F246}"
EndProject
Global
	GlobalSection(SolutionConfigurationPlatforms) = preSolution
		Debug|x64 = Debug|x64
		Debug|x86 = Debug|x86
		Release|x64 = Release|x64
		Release|x86 = Release|x86
	EndGlobalSection
	GlobalSection(ProjectConfigurationPlatforms) = postSolution
		{D50E80E3-E704-4928-AF70-E702E166F246}.Debug|x64.ActiveCfg = Debug|x64
		{D50E80E3-E704-4928-AF70-E702E166F246}.Debug|x64.Build.0 = Debug|x64
		{D50E80E3-E704-4928-AF70-E702E166F246}.Debug|x86.ActiveCfg = Debug|Win32
		{D50E80E3-E704-4928-AF70-E702E166F246}.Debug|x86.Build.0 = Debug|Win32
		{D50E80E3-E704-4928-AF70-E702E166F246}.Release|x64.ActiveCfg = Release|x64
		{D50E80E3-E704-4928-AF70-E702E166F246}.Release|x64.Build.0 = Release|x64
		{D50E80E3-E704-4928-AF70-E702E166F246}.Release|x86.ActiveCfg = Release|Win32
		{D50E80E3-E704-4928-AF70-E702E166F246}.Release|x86.Build.0 = Release|Win32
	EndGlobalSection
	GlobalSection(SolutionProperties) = preSolution
		HideSolutionNode = FALSE
	EndGlobalSection
	GlobalSection(ExtensibilityGlobals) = postSolution
		SolutionGuid = {3058F3BE-4ABC-46AB-BD9D-D723E4211F37}
	EndGlobalSection
EndGlobal
